// !$*UTF8*$!
{
	archiveVersion = 1;
	classes = {
	};
	objectVersion = 50;
	objects = {

/* Begin PBXBuildFile section */
		B37A46C624900CDA009DB643 /* Util.swift in Sources */ = {isa = PBXBuildFile; fileRef = B37A46C524900CDA009DB643 /* Util.swift */; };
		B37A46C824901076009DB643 /* MainCollectionViewController.swift in Sources */ = {isa = PBXBuildFile; fileRef = B37A46C724901076009DB643 /* MainCollectionViewController.swift */; };
		B37A46CB24901137009DB643 /* ProfileCollectionViewCell.swift in Sources */ = {isa = PBXBuildFile; fileRef = B37A46CA24901137009DB643 /* ProfileCollectionViewCell.swift */; };
		B37A46CD24901195009DB643 /* QuickInfoCollectionViewCell.swift in Sources */ = {isa = PBXBuildFile; fileRef = B37A46CC24901195009DB643 /* QuickInfoCollectionViewCell.swift */; };
		B37A46CF249011BF009DB643 /* CardCollectionViewCell.swift in Sources */ = {isa = PBXBuildFile; fileRef = B37A46CE249011BF009DB643 /* CardCollectionViewCell.swift */; };
		B37A46D224901FFD009DB643 /* DoctorsViewController.swift in Sources */ = {isa = PBXBuildFile; fileRef = B37A46D124901FFD009DB643 /* DoctorsViewController.swift */; };
		B37A46D424902025009DB643 /* DoctorsTableViewController.swift in Sources */ = {isa = PBXBuildFile; fileRef = B37A46D324902025009DB643 /* DoctorsTableViewController.swift */; };
		B37A46D624902042009DB643 /* DoctorProfileViewController.swift in Sources */ = {isa = PBXBuildFile; fileRef = B37A46D524902042009DB643 /* DoctorProfileViewController.swift */; };
		B3AF526D249002E2002EFD08 /* AppDelegate.swift in Sources */ = {isa = PBXBuildFile; fileRef = B3AF526C249002E2002EFD08 /* AppDelegate.swift */; };
		B3AF526F249002E2002EFD08 /* SceneDelegate.swift in Sources */ = {isa = PBXBuildFile; fileRef = B3AF526E249002E2002EFD08 /* SceneDelegate.swift */; };
		B3AF5274249002E2002EFD08 /* Main.storyboard in Resources */ = {isa = PBXBuildFile; fileRef = B3AF5272249002E2002EFD08 /* Main.storyboard */; };
		B3AF5277249002E2002EFD08 /* HealthApp.xcdatamodeld in Sources */ = {isa = PBXBuildFile; fileRef = B3AF5275249002E2002EFD08 /* HealthApp.xcdatamodeld */; };
		B3AF5279249002E4002EFD08 /* Assets.xcassets in Resources */ = {isa = PBXBuildFile; fileRef = B3AF5278249002E4002EFD08 /* Assets.xcassets */; };
		B3AF527C249002E4002EFD08 /* LaunchScreen.storyboard in Resources */ = {isa = PBXBuildFile; fileRef = B3AF527A249002E4002EFD08 /* LaunchScreen.storyboard */; };
		B3AF528824900393002EFD08 /* InitialViewController.swift in Sources */ = {isa = PBXBuildFile; fileRef = B3AF528724900393002EFD08 /* InitialViewController.swift */; };
		B3D5C5B424903F74009B29B2 /* QRViewController.swift in Sources */ = {isa = PBXBuildFile; fileRef = B3D5C5B324903F74009B29B2 /* QRViewController.swift */; };
		B3D5C5B7249040D7009B29B2 /* MenuTableViewCell.swift in Sources */ = {isa = PBXBuildFile; fileRef = B3D5C5B5249040D7009B29B2 /* MenuTableViewCell.swift */; };
		B3D5C5B8249040D7009B29B2 /* CustomActivityViewController.swift in Sources */ = {isa = PBXBuildFile; fileRef = B3D5C5B6249040D7009B29B2 /* CustomActivityViewController.swift */; };
		B3D5C5BA249040E7009B29B2 /* OptionsViewController.swift in Sources */ = {isa = PBXBuildFile; fileRef = B3D5C5B9249040E7009B29B2 /* OptionsViewController.swift */; };
		B3D5C5BD249058BC009B29B2 /* EditProfileViewController.swift in Sources */ = {isa = PBXBuildFile; fileRef = B3D5C5BC249058BC009B29B2 /* EditProfileViewController.swift */; };
		B3D5C5C024905A82009B29B2 /* ImageTableViewCell.swift in Sources */ = {isa = PBXBuildFile; fileRef = B3D5C5BF24905A82009B29B2 /* ImageTableViewCell.swift */; };
		B3D5C5C224905AA0009B29B2 /* TextFieldTableViewCell.swift in Sources */ = {isa = PBXBuildFile; fileRef = B3D5C5C124905AA0009B29B2 /* TextFieldTableViewCell.swift */; };
		B3D5C5C424905C2B009B29B2 /* ButtonTableViewCell.swift in Sources */ = {isa = PBXBuildFile; fileRef = B3D5C5C324905C2B009B29B2 /* ButtonTableViewCell.swift */; };
		B3D5C5C624906066009B29B2 /* DoctorTableViewCell.swift in Sources */ = {isa = PBXBuildFile; fileRef = B3D5C5C524906066009B29B2 /* DoctorTableViewCell.swift */; };
/* End PBXBuildFile section */

/* Begin PBXFileReference section */
		B37A46C524900CDA009DB643 /* Util.swift */ = {isa = PBXFileReference; lastKnownFileType = sourcecode.swift; path = Util.swift; sourceTree = "<group>"; };
		B37A46C724901076009DB643 /* MainCollectionViewController.swift */ = {isa = PBXFileReference; lastKnownFileType = sourcecode.swift; path = MainCollectionViewController.swift; sourceTree = "<group>"; };
		B37A46CA24901137009DB643 /* ProfileCollectionViewCell.swift */ = {isa = PBXFileReference; lastKnownFileType = sourcecode.swift; path = ProfileCollectionViewCell.swift; sourceTree = "<group>"; };
		B37A46CC24901195009DB643 /* QuickInfoCollectionViewCell.swift */ = {isa = PBXFileReference; lastKnownFileType = sourcecode.swift; path = QuickInfoCollectionViewCell.swift; sourceTree = "<group>"; };
		B37A46CE249011BF009DB643 /* CardCollectionViewCell.swift */ = {isa = PBXFileReference; lastKnownFileType = sourcecode.swift; path = CardCollectionViewCell.swift; sourceTree = "<group>"; };
		B37A46D024901520009DB643 /* HealthApp.entitlements */ = {isa = PBXFileReference; lastKnownFileType = text.plist.entitlements; path = HealthApp.entitlements; sourceTree = "<group>"; };
		B37A46D124901FFD009DB643 /* DoctorsViewController.swift */ = {isa = PBXFileReference; lastKnownFileType = sourcecode.swift; path = DoctorsViewController.swift; sourceTree = "<group>"; };
		B37A46D324902025009DB643 /* DoctorsTableViewController.swift */ = {isa = PBXFileReference; lastKnownFileType = sourcecode.swift; path = DoctorsTableViewController.swift; sourceTree = "<group>"; };
		B37A46D524902042009DB643 /* DoctorProfileViewController.swift */ = {isa = PBXFileReference; lastKnownFileType = sourcecode.swift; path = DoctorProfileViewController.swift; sourceTree = "<group>"; };
		B3AF5269249002E2002EFD08 /* HealthApp.app */ = {isa = PBXFileReference; explicitFileType = wrapper.application; includeInIndex = 0; path = HealthApp.app; sourceTree = BUILT_PRODUCTS_DIR; };
		B3AF526C249002E2002EFD08 /* AppDelegate.swift */ = {isa = PBXFileReference; lastKnownFileType = sourcecode.swift; path = AppDelegate.swift; sourceTree = "<group>"; };
		B3AF526E249002E2002EFD08 /* SceneDelegate.swift */ = {isa = PBXFileReference; lastKnownFileType = sourcecode.swift; path = SceneDelegate.swift; sourceTree = "<group>"; };
		B3AF5273249002E2002EFD08 /* Base */ = {isa = PBXFileReference; lastKnownFileType = file.storyboard; name = Base; path = Base.lproj/Main.storyboard; sourceTree = "<group>"; };
		B3AF5276249002E2002EFD08 /* HealthApp.xcdatamodel */ = {isa = PBXFileReference; lastKnownFileType = wrapper.xcdatamodel; path = HealthApp.xcdatamodel; sourceTree = "<group>"; };
		B3AF5278249002E4002EFD08 /* Assets.xcassets */ = {isa = PBXFileReference; lastKnownFileType = folder.assetcatalog; path = Assets.xcassets; sourceTree = "<group>"; };
		B3AF527B249002E4002EFD08 /* Base */ = {isa = PBXFileReference; lastKnownFileType = file.storyboard; name = Base; path = Base.lproj/LaunchScreen.storyboard; sourceTree = "<group>"; };
		B3AF527D249002E4002EFD08 /* Info.plist */ = {isa = PBXFileReference; lastKnownFileType = text.plist.xml; path = Info.plist; sourceTree = "<group>"; };
		B3AF528724900393002EFD08 /* InitialViewController.swift */ = {isa = PBXFileReference; lastKnownFileType = sourcecode.swift; path = InitialViewController.swift; sourceTree = "<group>"; };
		B3D5C5B324903F74009B29B2 /* QRViewController.swift */ = {isa = PBXFileReference; lastKnownFileType = sourcecode.swift; path = QRViewController.swift; sourceTree = "<group>"; };
		B3D5C5B5249040D7009B29B2 /* MenuTableViewCell.swift */ = {isa = PBXFileReference; fileEncoding = 4; lastKnownFileType = sourcecode.swift; path = MenuTableViewCell.swift; sourceTree = "<group>"; };
		B3D5C5B6249040D7009B29B2 /* CustomActivityViewController.swift */ = {isa = PBXFileReference; fileEncoding = 4; lastKnownFileType = sourcecode.swift; path = CustomActivityViewController.swift; sourceTree = "<group>"; };
		B3D5C5B9249040E7009B29B2 /* OptionsViewController.swift */ = {isa = PBXFileReference; fileEncoding = 4; lastKnownFileType = sourcecode.swift; path = OptionsViewController.swift; sourceTree = "<group>"; };
		B3D5C5BC249058BC009B29B2 /* EditProfileViewController.swift */ = {isa = PBXFileReference; lastKnownFileType = sourcecode.swift; path = EditProfileViewController.swift; sourceTree = "<group>"; };
		B3D5C5BF24905A82009B29B2 /* ImageTableViewCell.swift */ = {isa = PBXFileReference; lastKnownFileType = sourcecode.swift; path = ImageTableViewCell.swift; sourceTree = "<group>"; };
		B3D5C5C124905AA0009B29B2 /* TextFieldTableViewCell.swift */ = {isa = PBXFileReference; lastKnownFileType = sourcecode.swift; path = TextFieldTableViewCell.swift; sourceTree = "<group>"; };
		B3D5C5C324905C2B009B29B2 /* ButtonTableViewCell.swift */ = {isa = PBXFileReference; lastKnownFileType = sourcecode.swift; path = ButtonTableViewCell.swift; sourceTree = "<group>"; };
		B3D5C5C524906066009B29B2 /* DoctorTableViewCell.swift */ = {isa = PBXFileReference; lastKnownFileType = sourcecode.swift; path = DoctorTableViewCell.swift; sourceTree = "<group>"; };
/* End PBXFileReference section */

/* Begin PBXFrameworksBuildPhase section */
		B3AF5266249002E2002EFD08 /* Frameworks */ = {
			isa = PBXFrameworksBuildPhase;
			buildActionMask = 2147483647;
			files = (
			);
			runOnlyForDeploymentPostprocessing = 0;
		};
/* End PBXFrameworksBuildPhase section */

/* Begin PBXGroup section */
		B37A46C92490111E009DB643 /* CollectionViewCells */ = {
			isa = PBXGroup;
			children = (
				B37A46CA24901137009DB643 /* ProfileCollectionViewCell.swift */,
				B37A46CC24901195009DB643 /* QuickInfoCollectionViewCell.swift */,
				B37A46CE249011BF009DB643 /* CardCollectionViewCell.swift */,
			);
			path = CollectionViewCells;
			sourceTree = "<group>";
		};
		B3AF5260249002E2002EFD08 = {
			isa = PBXGroup;
			children = (
				B3AF526B249002E2002EFD08 /* HealthApp */,
				B3AF526A249002E2002EFD08 /* Products */,
			);
			sourceTree = "<group>";
		};
		B3AF526A249002E2002EFD08 /* Products */ = {
			isa = PBXGroup;
			children = (
				B3AF5269249002E2002EFD08 /* HealthApp.app */,
			);
			name = Products;
			sourceTree = "<group>";
		};
		B3AF526B249002E2002EFD08 /* HealthApp */ = {
			isa = PBXGroup;
			children = (
				B37A46D024901520009DB643 /* HealthApp.entitlements */,
				B3AF5283249002FF002EFD08 /* Delegates */,
				B3AF528424900308002EFD08 /* ViewControllers */,
				B3AF528524900314002EFD08 /* Storyboards */,
				B3AF528624900325002EFD08 /* Utilities */,
				B37A46C92490111E009DB643 /* CollectionViewCells */,
				B3D5C5BE24905A6F009B29B2 /* TableViewCells */,
				B3AF527D249002E4002EFD08 /* Info.plist */,
				B3AF5275249002E2002EFD08 /* HealthApp.xcdatamodeld */,
			);
			path = HealthApp;
			sourceTree = "<group>";
		};
		B3AF5283249002FF002EFD08 /* Delegates */ = {
			isa = PBXGroup;
			children = (
				B3AF526C249002E2002EFD08 /* AppDelegate.swift */,
				B3AF526E249002E2002EFD08 /* SceneDelegate.swift */,
			);
			path = Delegates;
			sourceTree = "<group>";
		};
		B3AF528424900308002EFD08 /* ViewControllers */ = {
			isa = PBXGroup;
			children = (
				B3D5C5B9249040E7009B29B2 /* OptionsViewController.swift */,
				B3AF528724900393002EFD08 /* InitialViewController.swift */,
				B37A46C724901076009DB643 /* MainCollectionViewController.swift */,
				B37A46D124901FFD009DB643 /* DoctorsViewController.swift */,
				B37A46D324902025009DB643 /* DoctorsTableViewController.swift */,
				B37A46D524902042009DB643 /* DoctorProfileViewController.swift */,
				B3D5C5B324903F74009B29B2 /* QRViewController.swift */,
				B3D5C5BC249058BC009B29B2 /* EditProfileViewController.swift */,
			);
			path = ViewControllers;
			sourceTree = "<group>";
		};
		B3AF528524900314002EFD08 /* Storyboards */ = {
			isa = PBXGroup;
			children = (
				B3AF5272249002E2002EFD08 /* Main.storyboard */,
				B3AF527A249002E4002EFD08 /* LaunchScreen.storyboard */,
			);
			path = Storyboards;
			sourceTree = "<group>";
		};
		B3AF528624900325002EFD08 /* Utilities */ = {
			isa = PBXGroup;
			children = (
				B3AF5278249002E4002EFD08 /* Assets.xcassets */,
				B37A46C524900CDA009DB643 /* Util.swift */,
				B3D5C5B6249040D7009B29B2 /* CustomActivityViewController.swift */,
				B3D5C5B5249040D7009B29B2 /* MenuTableViewCell.swift */,
			);
			path = Utilities;
			sourceTree = "<group>";
		};
		B3D5C5BE24905A6F009B29B2 /* TableViewCells */ = {
			isa = PBXGroup;
			children = (
				B3D5C5BF24905A82009B29B2 /* ImageTableViewCell.swift */,
				B3D5C5C124905AA0009B29B2 /* TextFieldTableViewCell.swift */,
				B3D5C5C324905C2B009B29B2 /* ButtonTableViewCell.swift */,
				B3D5C5C524906066009B29B2 /* DoctorTableViewCell.swift */,
			);
			path = TableViewCells;
			sourceTree = "<group>";
		};
/* End PBXGroup section */

/* Begin PBXNativeTarget section */
		B3AF5268249002E2002EFD08 /* HealthApp */ = {
			isa = PBXNativeTarget;
			buildConfigurationList = B3AF5280249002E4002EFD08 /* Build configuration list for PBXNativeTarget "HealthApp" */;
			buildPhases = (
				B3AF5265249002E2002EFD08 /* Sources */,
				B3AF5266249002E2002EFD08 /* Frameworks */,
				B3AF5267249002E2002EFD08 /* Resources */,
			);
			buildRules = (
			);
			dependencies = (
			);
			name = HealthApp;
			productName = HealthApp;
			productReference = B3AF5269249002E2002EFD08 /* HealthApp.app */;
			productType = "com.apple.product-type.application";
		};
/* End PBXNativeTarget section */

/* Begin PBXProject section */
		B3AF5261249002E2002EFD08 /* Project object */ = {
			isa = PBXProject;
			attributes = {
				LastSwiftUpdateCheck = 1150;
				LastUpgradeCheck = 1150;
				ORGANIZATIONNAME = "Moisés Córdova";
				TargetAttributes = {
					B3AF5268249002E2002EFD08 = {
						CreatedOnToolsVersion = 11.5;
					};
				};
			};
			buildConfigurationList = B3AF5264249002E2002EFD08 /* Build configuration list for PBXProject "HealthApp" */;
			compatibilityVersion = "Xcode 9.3";
			developmentRegion = en;
			hasScannedForEncodings = 0;
			knownRegions = (
				en,
				Base,
			);
			mainGroup = B3AF5260249002E2002EFD08;
			productRefGroup = B3AF526A249002E2002EFD08 /* Products */;
			projectDirPath = "";
			projectRoot = "";
			targets = (
				B3AF5268249002E2002EFD08 /* HealthApp */,
			);
		};
/* End PBXProject section */

/* Begin PBXResourcesBuildPhase section */
		B3AF5267249002E2002EFD08 /* Resources */ = {
			isa = PBXResourcesBuildPhase;
			buildActionMask = 2147483647;
			files = (
				B3AF527C249002E4002EFD08 /* LaunchScreen.storyboard in Resources */,
				B3AF5279249002E4002EFD08 /* Assets.xcassets in Resources */,
				B3AF5274249002E2002EFD08 /* Main.storyboard in Resources */,
			);
			runOnlyForDeploymentPostprocessing = 0;
		};
/* End PBXResourcesBuildPhase section */

/* Begin PBXSourcesBuildPhase section */
		B3AF5265249002E2002EFD08 /* Sources */ = {
			isa = PBXSourcesBuildPhase;
			buildActionMask = 2147483647;
			files = (
				B3AF528824900393002EFD08 /* InitialViewController.swift in Sources */,
				B3D5C5BA249040E7009B29B2 /* OptionsViewController.swift in Sources */,
				B37A46C624900CDA009DB643 /* Util.swift in Sources */,
				B3D5C5C024905A82009B29B2 /* ImageTableViewCell.swift in Sources */,
				B3D5C5B7249040D7009B29B2 /* MenuTableViewCell.swift in Sources */,
				B3AF5277249002E2002EFD08 /* HealthApp.xcdatamodeld in Sources */,
				B37A46D424902025009DB643 /* DoctorsTableViewController.swift in Sources */,
				B3D5C5C424905C2B009B29B2 /* ButtonTableViewCell.swift in Sources */,
				B37A46CB24901137009DB643 /* ProfileCollectionViewCell.swift in Sources */,
				B37A46D624902042009DB643 /* DoctorProfileViewController.swift in Sources */,
				B37A46CD24901195009DB643 /* QuickInfoCollectionViewCell.swift in Sources */,
				B3D5C5C624906066009B29B2 /* DoctorTableViewCell.swift in Sources */,
				B3AF526D249002E2002EFD08 /* AppDelegate.swift in Sources */,
				B3D5C5BD249058BC009B29B2 /* EditProfileViewController.swift in Sources */,
				B3AF526F249002E2002EFD08 /* SceneDelegate.swift in Sources */,
				B37A46CF249011BF009DB643 /* CardCollectionViewCell.swift in Sources */,
				B3D5C5B8249040D7009B29B2 /* CustomActivityViewController.swift in Sources */,
				B3D5C5B424903F74009B29B2 /* QRViewController.swift in Sources */,
				B37A46C824901076009DB643 /* MainCollectionViewController.swift in Sources */,
				B37A46D224901FFD009DB643 /* DoctorsViewController.swift in Sources */,
				B3D5C5C224905AA0009B29B2 /* TextFieldTableViewCell.swift in Sources */,
			);
			runOnlyForDeploymentPostprocessing = 0;
		};
/* End PBXSourcesBuildPhase section */

/* Begin PBXVariantGroup section */
		B3AF5272249002E2002EFD08 /* Main.storyboard */ = {
			isa = PBXVariantGroup;
			children = (
				B3AF5273249002E2002EFD08 /* Base */,
			);
			name = Main.storyboard;
			sourceTree = "<group>";
		};
		B3AF527A249002E4002EFD08 /* LaunchScreen.storyboard */ = {
			isa = PBXVariantGroup;
			children = (
				B3AF527B249002E4002EFD08 /* Base */,
			);
			name = LaunchScreen.storyboard;
			sourceTree = "<group>";
		};
/* End PBXVariantGroup section */

/* Begin XCBuildConfiguration section */
		B3AF527E249002E4002EFD08 /* Debug */ = {
			isa = XCBuildConfiguration;
			buildSettings = {
				ALWAYS_SEARCH_USER_PATHS = NO;
				CLANG_ANALYZER_NONNULL = YES;
				CLANG_ANALYZER_NUMBER_OBJECT_CONVERSION = YES_AGGRESSIVE;
				CLANG_CXX_LANGUAGE_STANDARD = "gnu++14";
				CLANG_CXX_LIBRARY = "libc++";
				CLANG_ENABLE_MODULES = YES;
				CLANG_ENABLE_OBJC_ARC = YES;
				CLANG_ENABLE_OBJC_WEAK = YES;
				CLANG_WARN_BLOCK_CAPTURE_AUTORELEASING = YES;
				CLANG_WARN_BOOL_CONVERSION = YES;
				CLANG_WARN_COMMA = YES;
				CLANG_WARN_CONSTANT_CONVERSION = YES;
				CLANG_WARN_DEPRECATED_OBJC_IMPLEMENTATIONS = YES;
				CLANG_WARN_DIRECT_OBJC_ISA_USAGE = YES_ERROR;
				CLANG_WARN_DOCUMENTATION_COMMENTS = YES;
				CLANG_WARN_EMPTY_BODY = YES;
				CLANG_WARN_ENUM_CONVERSION = YES;
				CLANG_WARN_INFINITE_RECURSION = YES;
				CLANG_WARN_INT_CONVERSION = YES;
				CLANG_WARN_NON_LITERAL_NULL_CONVERSION = YES;
				CLANG_WARN_OBJC_IMPLICIT_RETAIN_SELF = YES;
				CLANG_WARN_OBJC_LITERAL_CONVERSION = YES;
				CLANG_WARN_OBJC_ROOT_CLASS = YES_ERROR;
				CLANG_WARN_RANGE_LOOP_ANALYSIS = YES;
				CLANG_WARN_STRICT_PROTOTYPES = YES;
				CLANG_WARN_SUSPICIOUS_MOVE = YES;
				CLANG_WARN_UNGUARDED_AVAILABILITY = YES_AGGRESSIVE;
				CLANG_WARN_UNREACHABLE_CODE = YES;
				CLANG_WARN__DUPLICATE_METHOD_MATCH = YES;
				COPY_PHASE_STRIP = NO;
				DEBUG_INFORMATION_FORMAT = dwarf;
				ENABLE_STRICT_OBJC_MSGSEND = YES;
				ENABLE_TESTABILITY = YES;
				GCC_C_LANGUAGE_STANDARD = gnu11;
				GCC_DYNAMIC_NO_PIC = NO;
				GCC_NO_COMMON_BLOCKS = YES;
				GCC_OPTIMIZATION_LEVEL = 0;
				GCC_PREPROCESSOR_DEFINITIONS = (
					"DEBUG=1",
					"$(inherited)",
				);
				GCC_WARN_64_TO_32_BIT_CONVERSION = YES;
				GCC_WARN_ABOUT_RETURN_TYPE = YES_ERROR;
				GCC_WARN_UNDECLARED_SELECTOR = YES;
				GCC_WARN_UNINITIALIZED_AUTOS = YES_AGGRESSIVE;
				GCC_WARN_UNUSED_FUNCTION = YES;
				GCC_WARN_UNUSED_VARIABLE = YES;
				IPHONEOS_DEPLOYMENT_TARGET = 13.5;
				MTL_ENABLE_DEBUG_INFO = INCLUDE_SOURCE;
				MTL_FAST_MATH = YES;
				ONLY_ACTIVE_ARCH = YES;
				SDKROOT = iphoneos;
				SWIFT_ACTIVE_COMPILATION_CONDITIONS = DEBUG;
				SWIFT_OPTIMIZATION_LEVEL = "-Onone";
			};
			name = Debug;
		};
		B3AF527F249002E4002EFD08 /* Release */ = {
			isa = XCBuildConfiguration;
			buildSettings = {
				ALWAYS_SEARCH_USER_PATHS = NO;
				CLANG_ANALYZER_NONNULL = YES;
				CLANG_ANALYZER_NUMBER_OBJECT_CONVERSION = YES_AGGRESSIVE;
				CLANG_CXX_LANGUAGE_STANDARD = "gnu++14";
				CLANG_CXX_LIBRARY = "libc++";
				CLANG_ENABLE_MODULES = YES;
				CLANG_ENABLE_OBJC_ARC = YES;
				CLANG_ENABLE_OBJC_WEAK = YES;
				CLANG_WARN_BLOCK_CAPTURE_AUTORELEASING = YES;
				CLANG_WARN_BOOL_CONVERSION = YES;
				CLANG_WARN_COMMA = YES;
				CLANG_WARN_CONSTANT_CONVERSION = YES;
				CLANG_WARN_DEPRECATED_OBJC_IMPLEMENTATIONS = YES;
				CLANG_WARN_DIRECT_OBJC_ISA_USAGE = YES_ERROR;
				CLANG_WARN_DOCUMENTATION_COMMENTS = YES;
				CLANG_WARN_EMPTY_BODY = YES;
				CLANG_WARN_ENUM_CONVERSION = YES;
				CLANG_WARN_INFINITE_RECURSION = YES;
				CLANG_WARN_INT_CONVERSION = YES;
				CLANG_WARN_NON_LITERAL_NULL_CONVERSION = YES;
				CLANG_WARN_OBJC_IMPLICIT_RETAIN_SELF = YES;
				CLANG_WARN_OBJC_LITERAL_CONVERSION = YES;
				CLANG_WARN_OBJC_ROOT_CLASS = YES_ERROR;
				CLANG_WARN_RANGE_LOOP_ANALYSIS = YES;
				CLANG_WARN_STRICT_PROTOTYPES = YES;
				CLANG_WARN_SUSPICIOUS_MOVE = YES;
				CLANG_WARN_UNGUARDED_AVAILABILITY = YES_AGGRESSIVE;
				CLANG_WARN_UNREACHABLE_CODE = YES;
				CLANG_WARN__DUPLICATE_METHOD_MATCH = YES;
				COPY_PHASE_STRIP = NO;
				DEBUG_INFORMATION_FORMAT = "dwarf-with-dsym";
				ENABLE_NS_ASSERTIONS = NO;
				ENABLE_STRICT_OBJC_MSGSEND = YES;
				GCC_C_LANGUAGE_STANDARD = gnu11;
				GCC_NO_COMMON_BLOCKS = YES;
				GCC_WARN_64_TO_32_BIT_CONVERSION = YES;
				GCC_WARN_ABOUT_RETURN_TYPE = YES_ERROR;
				GCC_WARN_UNDECLARED_SELECTOR = YES;
				GCC_WARN_UNINITIALIZED_AUTOS = YES_AGGRESSIVE;
				GCC_WARN_UNUSED_FUNCTION = YES;
				GCC_WARN_UNUSED_VARIABLE = YES;
				IPHONEOS_DEPLOYMENT_TARGET = 13.5;
				MTL_ENABLE_DEBUG_INFO = NO;
				MTL_FAST_MATH = YES;
				SDKROOT = iphoneos;
				SWIFT_COMPILATION_MODE = wholemodule;
				SWIFT_OPTIMIZATION_LEVEL = "-O";
				VALIDATE_PRODUCT = YES;
			};
			name = Release;
		};
		B3AF5281249002E4002EFD08 /* Debug */ = {
			isa = XCBuildConfiguration;
			buildSettings = {
				ASSETCATALOG_COMPILER_APPICON_NAME = AppIcon;
				CODE_SIGN_ENTITLEMENTS = HealthApp/HealthApp.entitlements;
				CODE_SIGN_STYLE = Automatic;
				DEVELOPMENT_TEAM = R27L3GB44P;
				INFOPLIST_FILE = HealthApp/Info.plist;
				IPHONEOS_DEPLOYMENT_TARGET = 13.0;
				LD_RUNPATH_SEARCH_PATHS = (
					"$(inherited)",
					"@executable_path/Frameworks",
				);
				PRODUCT_BUNDLE_IDENTIFIER = com.moisesCordova.HealthApp11;
				PRODUCT_NAME = "$(TARGET_NAME)";
				SUPPORTS_MACCATALYST = YES;
				SWIFT_VERSION = 5.0;
				TARGETED_DEVICE_FAMILY = "1,2";
			};
			name = Debug;
		};
		B3AF5282249002E4002EFD08 /* Release */ = {
			isa = XCBuildConfiguration;
			buildSettings = {
				ASSETCATALOG_COMPILER_APPICON_NAME = AppIcon;
				CODE_SIGN_ENTITLEMENTS = HealthApp/HealthApp.entitlements;
				CODE_SIGN_STYLE = Automatic;
				DEVELOPMENT_TEAM = R27L3GB44P;
				INFOPLIST_FILE = HealthApp/Info.plist;
				IPHONEOS_DEPLOYMENT_TARGET = 13.0;
				LD_RUNPATH_SEARCH_PATHS = (
					"$(inherited)",
					"@executable_path/Frameworks",
				);
				PRODUCT_BUNDLE_IDENTIFIER = com.moisesCordova.HealthApp11;
				PRODUCT_NAME = "$(TARGET_NAME)";
				SUPPORTS_MACCATALYST = YES;
				SWIFT_VERSION = 5.0;
				TARGETED_DEVICE_FAMILY = "1,2";
			};
			name = Release;
		};
/* End XCBuildConfiguration section */

/* Begin XCConfigurationList section */
		B3AF5264249002E2002EFD08 /* Build configuration list for PBXProject "HealthApp" */ = {
			isa = XCConfigurationList;
			buildConfigurations = (
				B3AF527E249002E4002EFD08 /* Debug */,
				B3AF527F249002E4002EFD08 /* Release */,
			);
			defaultConfigurationIsVisible = 0;
			defaultConfigurationName = Release;
		};
		B3AF5280249002E4002EFD08 /* Build configuration list for PBXNativeTarget "HealthApp" */ = {
			isa = XCConfigurationList;
			buildConfigurations = (
				B3AF5281249002E4002EFD08 /* Debug */,
				B3AF5282249002E4002EFD08 /* Release */,
			);
			defaultConfigurationIsVisible = 0;
			defaultConfigurationName = Release;
		};
/* End XCConfigurationList section */

/* Begin XCVersionGroup section */
		B3AF5275249002E2002EFD08 /* HealthApp.xcdatamodeld */ = {
			isa = XCVersionGroup;
			children = (
				B3AF5276249002E2002EFD08 /* HealthApp.xcdatamodel */,
			);
			currentVersion = B3AF5276249002E2002EFD08 /* HealthApp.xcdatamodel */;
			path = HealthApp.xcdatamodeld;
			sourceTree = "<group>";
			versionGroupType = wrapper.xcdatamodel;
		};
/* End XCVersionGroup section */
	};
	rootObject = B3AF5261249002E2002EFD08 /* Project object */;
}
