// !$*UTF8*$!
{
	archiveVersion = 1;
	classes = {
	};
	objectVersion = 50;
	objects = {

/* Begin PBXBuildFile section */
		B30B4BC322D1361200C22712 /* ContactTableViewCell.swift in Sources */ = {isa = PBXBuildFile; fileRef = B30B4BC222D1361200C22712 /* ContactTableViewCell.swift */; };
		B30B4BC522D13C4600C22712 /* DoctorProfileViewController.swift in Sources */ = {isa = PBXBuildFile; fileRef = B30B4BC422D13C4600C22712 /* DoctorProfileViewController.swift */; };
		B380F38022D14DE000A347DD /* DoctorProfileTableViewCell.swift in Sources */ = {isa = PBXBuildFile; fileRef = B380F37F22D14DE000A347DD /* DoctorProfileTableViewCell.swift */; };
		B380F38222D14E8F00A347DD /* ButtonCardTableViewCell.swift in Sources */ = {isa = PBXBuildFile; fileRef = B380F38122D14E8F00A347DD /* ButtonCardTableViewCell.swift */; };
		B380F38422D14EAB00A347DD /* TableItemCardTableViewCell.swift in Sources */ = {isa = PBXBuildFile; fileRef = B380F38322D14EAB00A347DD /* TableItemCardTableViewCell.swift */; };
		B3AD424B22D509E300DEA0F2 /* AppointmentTableViewCell.swift in Sources */ = {isa = PBXBuildFile; fileRef = B3AD424A22D509E200DEA0F2 /* AppointmentTableViewCell.swift */; };
		B3C7484A22D18325005DED97 /* CloseTableViewCell.swift in Sources */ = {isa = PBXBuildFile; fileRef = B3C7484922D18325005DED97 /* CloseTableViewCell.swift */; };
		B3C7484C22D183ED005DED97 /* AppointmentInformationTableViewCell.swift in Sources */ = {isa = PBXBuildFile; fileRef = B3C7484B22D183ED005DED97 /* AppointmentInformationTableViewCell.swift */; };
		B3C7484E22D1846D005DED97 /* NoteTableViewCell.swift in Sources */ = {isa = PBXBuildFile; fileRef = B3C7484D22D1846D005DED97 /* NoteTableViewCell.swift */; };
		B3C7485022D184B9005DED97 /* AppointmentViewController.swift in Sources */ = {isa = PBXBuildFile; fileRef = B3C7484F22D184B9005DED97 /* AppointmentViewController.swift */; };
		B3CC863C22D2E3DB00875307 /* PickerTableViewCell.swift in Sources */ = {isa = PBXBuildFile; fileRef = B3CC863B22D2E3DB00875307 /* PickerTableViewCell.swift */; };
		B3CC863E22D2E40B00875307 /* CreateAppointmentViewController.swift in Sources */ = {isa = PBXBuildFile; fileRef = B3CC863D22D2E40B00875307 /* CreateAppointmentViewController.swift */; };
		B3CC864022D2E41800875307 /* SaveAppointmentViewController.swift in Sources */ = {isa = PBXBuildFile; fileRef = B3CC863F22D2E41800875307 /* SaveAppointmentViewController.swift */; };
		B3CC864A22D2F29800875307 /* PulleyViewController.swift in Sources */ = {isa = PBXBuildFile; fileRef = B3CC864422D2F29800875307 /* PulleyViewController.swift */; };
		B3CC864B22D2F29800875307 /* PulleyPassthroughScrollView.swift in Sources */ = {isa = PBXBuildFile; fileRef = B3CC864522D2F29800875307 /* PulleyPassthroughScrollView.swift */; };
		B3CC864C22D2F29800875307 /* CameraViewController.swift in Sources */ = {isa = PBXBuildFile; fileRef = B3CC864622D2F29800875307 /* CameraViewController.swift */; };
		B3CC864D22D2F29800875307 /* ResultTableViewCell.swift in Sources */ = {isa = PBXBuildFile; fileRef = B3CC864722D2F29800875307 /* ResultTableViewCell.swift */; };
		B3CC864E22D2F29800875307 /* ProgressBar.swift in Sources */ = {isa = PBXBuildFile; fileRef = B3CC864822D2F29800875307 /* ProgressBar.swift */; };
		B3CC864F22D2F29800875307 /* ResultsTableViewController.swift in Sources */ = {isa = PBXBuildFile; fileRef = B3CC864922D2F29800875307 /* ResultsTableViewController.swift */; };
		B3CC865122D2F57000875307 /* Nevus.mlmodel in Sources */ = {isa = PBXBuildFile; fileRef = B3CC865022D2F57000875307 /* Nevus.mlmodel */; };
		B3D0B43822D10A09009407BB /* DoctorListViewController.swift in Sources */ = {isa = PBXBuildFile; fileRef = B3D0B43722D10A09009407BB /* DoctorListViewController.swift */; };
		B3DCE35C22D03AC000DAC751 /* AppDelegate.swift in Sources */ = {isa = PBXBuildFile; fileRef = B3DCE35B22D03AC000DAC751 /* AppDelegate.swift */; };
		B3DCE35E22D03AC000DAC751 /* ProfileViewController.swift in Sources */ = {isa = PBXBuildFile; fileRef = B3DCE35D22D03AC000DAC751 /* ProfileViewController.swift */; };
		B3DCE36122D03AC000DAC751 /* Main.storyboard in Resources */ = {isa = PBXBuildFile; fileRef = B3DCE35F22D03AC000DAC751 /* Main.storyboard */; };
		B3DCE36322D03AC300DAC751 /* Assets.xcassets in Resources */ = {isa = PBXBuildFile; fileRef = B3DCE36222D03AC300DAC751 /* Assets.xcassets */; };
		B3DCE36622D03AC300DAC751 /* LaunchScreen.storyboard in Resources */ = {isa = PBXBuildFile; fileRef = B3DCE36422D03AC300DAC751 /* LaunchScreen.storyboard */; };
		B3DCE36E22D0401800DAC751 /* ProfileTableViewCell.swift in Sources */ = {isa = PBXBuildFile; fileRef = B3DCE36D22D0401800DAC751 /* ProfileTableViewCell.swift */; };
		B3DCE37022D042F400DAC751 /* CollectionViewTableViewCell.swift in Sources */ = {isa = PBXBuildFile; fileRef = B3DCE36F22D042F400DAC751 /* CollectionViewTableViewCell.swift */; };
		B3DCE37222D0434000DAC751 /* DataCollectionViewCell.swift in Sources */ = {isa = PBXBuildFile; fileRef = B3DCE37122D0434000DAC751 /* DataCollectionViewCell.swift */; };
		B3DCE37422D046A800DAC751 /* Util.swift in Sources */ = {isa = PBXBuildFile; fileRef = B3DCE37322D046A800DAC751 /* Util.swift */; };
		B3DCE37622D054F200DAC751 /* CardTableViewCell.swift in Sources */ = {isa = PBXBuildFile; fileRef = B3DCE37522D054F200DAC751 /* CardTableViewCell.swift */; };
		B3E4A2E822D28A41008D64B1 /* RecordViewController.swift in Sources */ = {isa = PBXBuildFile; fileRef = B3E4A2E722D28A41008D64B1 /* RecordViewController.swift */; };
		B3E4A2EA22D28BA1008D64B1 /* RecordMainTableViewCell.swift in Sources */ = {isa = PBXBuildFile; fileRef = B3E4A2E922D28BA1008D64B1 /* RecordMainTableViewCell.swift */; };
		B3FAEBA222D15F29007B7BBF /* CalendarViewController.swift in Sources */ = {isa = PBXBuildFile; fileRef = B3FAEBA122D15F29007B7BBF /* CalendarViewController.swift */; };
		B3FAEBA422D15F93007B7BBF /* CalendarDayCell.swift in Sources */ = {isa = PBXBuildFile; fileRef = B3FAEBA322D15F93007B7BBF /* CalendarDayCell.swift */; };
		B3FAEBA622D15FD6007B7BBF /* AppointmentTableViewCell.swift in Sources */ = {isa = PBXBuildFile; fileRef = B3FAEBA522D15FD6007B7BBF /* AppointmentTableViewCell.swift */; };
		DD96CCE78C9F18B7786B37CA /* Pods_HealthApp.framework in Frameworks */ = {isa = PBXBuildFile; fileRef = CC19C8BECAE9693EB6DA65BC /* Pods_HealthApp.framework */; };
/* End PBXBuildFile section */

/* Begin PBXFileReference section */
		895BF9DD073B96435434CFD3 /* Pods-HealthApp.release.xcconfig */ = {isa = PBXFileReference; includeInIndex = 1; lastKnownFileType = text.xcconfig; name = "Pods-HealthApp.release.xcconfig"; path = "Pods/Target Support Files/Pods-HealthApp/Pods-HealthApp.release.xcconfig"; sourceTree = "<group>"; };
		96DF5754DC927C8945904C99 /* Pods-HealthApp.debug.xcconfig */ = {isa = PBXFileReference; includeInIndex = 1; lastKnownFileType = text.xcconfig; name = "Pods-HealthApp.debug.xcconfig"; path = "Pods/Target Support Files/Pods-HealthApp/Pods-HealthApp.debug.xcconfig"; sourceTree = "<group>"; };
		B30B4BC222D1361200C22712 /* ContactTableViewCell.swift */ = {isa = PBXFileReference; lastKnownFileType = sourcecode.swift; name = ContactTableViewCell.swift; path = ../ContactTableViewCell.swift; sourceTree = "<group>"; };
		B30B4BC422D13C4600C22712 /* DoctorProfileViewController.swift */ = {isa = PBXFileReference; lastKnownFileType = sourcecode.swift; path = DoctorProfileViewController.swift; sourceTree = "<group>"; };
		B380F37F22D14DE000A347DD /* DoctorProfileTableViewCell.swift */ = {isa = PBXFileReference; lastKnownFileType = sourcecode.swift; name = DoctorProfileTableViewCell.swift; path = ../DoctorProfileTableViewCell.swift; sourceTree = "<group>"; };
		B380F38122D14E8F00A347DD /* ButtonCardTableViewCell.swift */ = {isa = PBXFileReference; lastKnownFileType = sourcecode.swift; name = ButtonCardTableViewCell.swift; path = ../ButtonCardTableViewCell.swift; sourceTree = "<group>"; };
		B380F38322D14EAB00A347DD /* TableItemCardTableViewCell.swift */ = {isa = PBXFileReference; lastKnownFileType = sourcecode.swift; path = TableItemCardTableViewCell.swift; sourceTree = "<group>"; };
		B3AD424A22D509E200DEA0F2 /* AppointmentTableViewCell.swift */ = {isa = PBXFileReference; fileEncoding = 4; lastKnownFileType = sourcecode.swift; path = AppointmentTableViewCell.swift; sourceTree = "<group>"; };
		B3C7484922D18325005DED97 /* CloseTableViewCell.swift */ = {isa = PBXFileReference; lastKnownFileType = sourcecode.swift; path = CloseTableViewCell.swift; sourceTree = "<group>"; };
		B3C7484B22D183ED005DED97 /* AppointmentInformationTableViewCell.swift */ = {isa = PBXFileReference; lastKnownFileType = sourcecode.swift; path = AppointmentInformationTableViewCell.swift; sourceTree = "<group>"; };
		B3C7484D22D1846D005DED97 /* NoteTableViewCell.swift */ = {isa = PBXFileReference; lastKnownFileType = sourcecode.swift; path = NoteTableViewCell.swift; sourceTree = "<group>"; };
		B3C7484F22D184B9005DED97 /* AppointmentViewController.swift */ = {isa = PBXFileReference; lastKnownFileType = sourcecode.swift; path = AppointmentViewController.swift; sourceTree = "<group>"; };
		B3CC863B22D2E3DB00875307 /* PickerTableViewCell.swift */ = {isa = PBXFileReference; lastKnownFileType = sourcecode.swift; path = PickerTableViewCell.swift; sourceTree = "<group>"; };
		B3CC863D22D2E40B00875307 /* CreateAppointmentViewController.swift */ = {isa = PBXFileReference; lastKnownFileType = sourcecode.swift; path = CreateAppointmentViewController.swift; sourceTree = "<group>"; };
		B3CC863F22D2E41800875307 /* SaveAppointmentViewController.swift */ = {isa = PBXFileReference; lastKnownFileType = sourcecode.swift; path = SaveAppointmentViewController.swift; sourceTree = "<group>"; };
		B3CC864422D2F29800875307 /* PulleyViewController.swift */ = {isa = PBXFileReference; fileEncoding = 4; lastKnownFileType = sourcecode.swift; path = PulleyViewController.swift; sourceTree = "<group>"; };
		B3CC864522D2F29800875307 /* PulleyPassthroughScrollView.swift */ = {isa = PBXFileReference; fileEncoding = 4; lastKnownFileType = sourcecode.swift; path = PulleyPassthroughScrollView.swift; sourceTree = "<group>"; };
		B3CC864622D2F29800875307 /* CameraViewController.swift */ = {isa = PBXFileReference; fileEncoding = 4; lastKnownFileType = sourcecode.swift; path = CameraViewController.swift; sourceTree = "<group>"; };
		B3CC864722D2F29800875307 /* ResultTableViewCell.swift */ = {isa = PBXFileReference; fileEncoding = 4; lastKnownFileType = sourcecode.swift; path = ResultTableViewCell.swift; sourceTree = "<group>"; };
		B3CC864822D2F29800875307 /* ProgressBar.swift */ = {isa = PBXFileReference; fileEncoding = 4; lastKnownFileType = sourcecode.swift; path = ProgressBar.swift; sourceTree = "<group>"; };
		B3CC864922D2F29800875307 /* ResultsTableViewController.swift */ = {isa = PBXFileReference; fileEncoding = 4; lastKnownFileType = sourcecode.swift; path = ResultsTableViewController.swift; sourceTree = "<group>"; };
		B3CC865022D2F57000875307 /* Nevus.mlmodel */ = {isa = PBXFileReference; lastKnownFileType = file.mlmodel; path = Nevus.mlmodel; sourceTree = "<group>"; };
		B3D0B43722D10A09009407BB /* DoctorListViewController.swift */ = {isa = PBXFileReference; lastKnownFileType = sourcecode.swift; path = DoctorListViewController.swift; sourceTree = "<group>"; };
		B3DCE35822D03AC000DAC751 /* HealthApp.app */ = {isa = PBXFileReference; explicitFileType = wrapper.application; includeInIndex = 0; path = HealthApp.app; sourceTree = BUILT_PRODUCTS_DIR; };
		B3DCE35B22D03AC000DAC751 /* AppDelegate.swift */ = {isa = PBXFileReference; lastKnownFileType = sourcecode.swift; path = AppDelegate.swift; sourceTree = "<group>"; };
		B3DCE35D22D03AC000DAC751 /* ProfileViewController.swift */ = {isa = PBXFileReference; lastKnownFileType = sourcecode.swift; path = ProfileViewController.swift; sourceTree = "<group>"; };
		B3DCE36022D03AC000DAC751 /* Base */ = {isa = PBXFileReference; lastKnownFileType = file.storyboard; name = Base; path = Base.lproj/Main.storyboard; sourceTree = "<group>"; };
		B3DCE36222D03AC300DAC751 /* Assets.xcassets */ = {isa = PBXFileReference; lastKnownFileType = folder.assetcatalog; path = Assets.xcassets; sourceTree = "<group>"; };
		B3DCE36522D03AC300DAC751 /* Base */ = {isa = PBXFileReference; lastKnownFileType = file.storyboard; name = Base; path = Base.lproj/LaunchScreen.storyboard; sourceTree = "<group>"; };
		B3DCE36722D03AC300DAC751 /* Info.plist */ = {isa = PBXFileReference; lastKnownFileType = text.plist.xml; path = Info.plist; sourceTree = "<group>"; };
		B3DCE36D22D0401800DAC751 /* ProfileTableViewCell.swift */ = {isa = PBXFileReference; lastKnownFileType = sourcecode.swift; name = ProfileTableViewCell.swift; path = ../ProfileTableViewCell.swift; sourceTree = "<group>"; };
		B3DCE36F22D042F400DAC751 /* CollectionViewTableViewCell.swift */ = {isa = PBXFileReference; lastKnownFileType = sourcecode.swift; name = CollectionViewTableViewCell.swift; path = ../CollectionViewTableViewCell.swift; sourceTree = "<group>"; };
		B3DCE37122D0434000DAC751 /* DataCollectionViewCell.swift */ = {isa = PBXFileReference; lastKnownFileType = sourcecode.swift; path = DataCollectionViewCell.swift; sourceTree = "<group>"; };
		B3DCE37322D046A800DAC751 /* Util.swift */ = {isa = PBXFileReference; lastKnownFileType = sourcecode.swift; path = Util.swift; sourceTree = "<group>"; };
		B3DCE37522D054F200DAC751 /* CardTableViewCell.swift */ = {isa = PBXFileReference; lastKnownFileType = sourcecode.swift; path = CardTableViewCell.swift; sourceTree = "<group>"; };
		B3E4A2E722D28A41008D64B1 /* RecordViewController.swift */ = {isa = PBXFileReference; lastKnownFileType = sourcecode.swift; path = RecordViewController.swift; sourceTree = "<group>"; };
		B3E4A2E922D28BA1008D64B1 /* RecordMainTableViewCell.swift */ = {isa = PBXFileReference; lastKnownFileType = sourcecode.swift; name = RecordMainTableViewCell.swift; path = ../RecordMainTableViewCell.swift; sourceTree = "<group>"; };
		B3FAEBA122D15F29007B7BBF /* CalendarViewController.swift */ = {isa = PBXFileReference; fileEncoding = 4; lastKnownFileType = sourcecode.swift; path = CalendarViewController.swift; sourceTree = "<group>"; };
		B3FAEBA322D15F93007B7BBF /* CalendarDayCell.swift */ = {isa = PBXFileReference; fileEncoding = 4; lastKnownFileType = sourcecode.swift; path = CalendarDayCell.swift; sourceTree = "<group>"; };
		B3FAEBA522D15FD6007B7BBF /* AppointmentTableViewCell.swift */ = {isa = PBXFileReference; fileEncoding = 4; lastKnownFileType = sourcecode.swift; path = AppointmentTableViewCell.swift; sourceTree = "<group>"; };
		CC19C8BECAE9693EB6DA65BC /* Pods_HealthApp.framework */ = {isa = PBXFileReference; explicitFileType = wrapper.framework; includeInIndex = 0; path = Pods_HealthApp.framework; sourceTree = BUILT_PRODUCTS_DIR; };
/* End PBXFileReference section */

/* Begin PBXFrameworksBuildPhase section */
		B3DCE35522D03AC000DAC751 /* Frameworks */ = {
			isa = PBXFrameworksBuildPhase;
			buildActionMask = 2147483647;
			files = (
				DD96CCE78C9F18B7786B37CA /* Pods_HealthApp.framework in Frameworks */,
			);
			runOnlyForDeploymentPostprocessing = 0;
		};
/* End PBXFrameworksBuildPhase section */

/* Begin PBXGroup section */
		B3CC864122D2EE5B00875307 /* Cell */ = {
			isa = PBXGroup;
			children = (
				B3C7484B22D183ED005DED97 /* AppointmentInformationTableViewCell.swift */,
				B3DCE37522D054F200DAC751 /* CardTableViewCell.swift */,
				B3DCE36D22D0401800DAC751 /* ProfileTableViewCell.swift */,
				B3DCE36F22D042F400DAC751 /* CollectionViewTableViewCell.swift */,
				B3DCE37122D0434000DAC751 /* DataCollectionViewCell.swift */,
				B30B4BC222D1361200C22712 /* ContactTableViewCell.swift */,
				B3C7484922D18325005DED97 /* CloseTableViewCell.swift */,
				B3C7484D22D1846D005DED97 /* NoteTableViewCell.swift */,
				B3FAEBA322D15F93007B7BBF /* CalendarDayCell.swift */,
				B3FAEBA522D15FD6007B7BBF /* AppointmentTableViewCell.swift */,
				B3AD424A22D509E200DEA0F2 /* AppointmentTableViewCell.swift */,
				B380F37F22D14DE000A347DD /* DoctorProfileTableViewCell.swift */,
				B3CC863B22D2E3DB00875307 /* PickerTableViewCell.swift */,
				B380F38122D14E8F00A347DD /* ButtonCardTableViewCell.swift */,
				B380F38322D14EAB00A347DD /* TableItemCardTableViewCell.swift */,
				B3E4A2E922D28BA1008D64B1 /* RecordMainTableViewCell.swift */,
			);
			path = Cell;
			sourceTree = "<group>";
		};
		B3CC864222D2EE9800875307 /* ViewControllers */ = {
			isa = PBXGroup;
			children = (
				B3DCE35D22D03AC000DAC751 /* ProfileViewController.swift */,
				B3D0B43722D10A09009407BB /* DoctorListViewController.swift */,
				B3C7484F22D184B9005DED97 /* AppointmentViewController.swift */,
				B30B4BC422D13C4600C22712 /* DoctorProfileViewController.swift */,
				B3FAEBA122D15F29007B7BBF /* CalendarViewController.swift */,
				B3CC863D22D2E40B00875307 /* CreateAppointmentViewController.swift */,
				B3CC863F22D2E41800875307 /* SaveAppointmentViewController.swift */,
				B3E4A2E722D28A41008D64B1 /* RecordViewController.swift */,
			);
			path = ViewControllers;
			sourceTree = "<group>";
		};
		B3CC864322D2F29800875307 /* Visual Recognizer */ = {
			isa = PBXGroup;
			children = (
				B3CC865022D2F57000875307 /* Nevus.mlmodel */,
				B3CC864422D2F29800875307 /* PulleyViewController.swift */,
				B3CC864522D2F29800875307 /* PulleyPassthroughScrollView.swift */,
				B3CC864622D2F29800875307 /* CameraViewController.swift */,
				B3CC864722D2F29800875307 /* ResultTableViewCell.swift */,
				B3CC864822D2F29800875307 /* ProgressBar.swift */,
				B3CC864922D2F29800875307 /* ResultsTableViewController.swift */,
			);
			path = "Visual Recognizer";
			sourceTree = "<group>";
		};
		B3DCE34F22D03AC000DAC751 = {
			isa = PBXGroup;
			children = (
				B3DCE35A22D03AC000DAC751 /* HealthApp */,
				B3DCE35922D03AC000DAC751 /* Products */,
				F628925885B13AAA019E013B /* Pods */,
				D2530A3FD16D62AB934D721C /* Frameworks */,
			);
			sourceTree = "<group>";
		};
		B3DCE35922D03AC000DAC751 /* Products */ = {
			isa = PBXGroup;
			children = (
				B3DCE35822D03AC000DAC751 /* HealthApp.app */,
			);
			name = Products;
			sourceTree = "<group>";
		};
		B3DCE35A22D03AC000DAC751 /* HealthApp */ = {
			isa = PBXGroup;
			children = (
				B3DCE35B22D03AC000DAC751 /* AppDelegate.swift */,
				B3CC864322D2F29800875307 /* Visual Recognizer */,
				B3CC864222D2EE9800875307 /* ViewControllers */,
				B3CC864122D2EE5B00875307 /* Cell */,
				B3DCE35F22D03AC000DAC751 /* Main.storyboard */,
				B3DCE36422D03AC300DAC751 /* LaunchScreen.storyboard */,
				B3DCE36222D03AC300DAC751 /* Assets.xcassets */,
				B3DCE37322D046A800DAC751 /* Util.swift */,
				B3DCE36722D03AC300DAC751 /* Info.plist */,
			);
			path = HealthApp;
			sourceTree = "<group>";
		};
		D2530A3FD16D62AB934D721C /* Frameworks */ = {
			isa = PBXGroup;
			children = (
				CC19C8BECAE9693EB6DA65BC /* Pods_HealthApp.framework */,
			);
			name = Frameworks;
			sourceTree = "<group>";
		};
		F628925885B13AAA019E013B /* Pods */ = {
			isa = PBXGroup;
			children = (
				96DF5754DC927C8945904C99 /* Pods-HealthApp.debug.xcconfig */,
				895BF9DD073B96435434CFD3 /* Pods-HealthApp.release.xcconfig */,
			);
			name = Pods;
			sourceTree = "<group>";
		};
/* End PBXGroup section */

/* Begin PBXNativeTarget section */
		B3DCE35722D03AC000DAC751 /* HealthApp */ = {
			isa = PBXNativeTarget;
			buildConfigurationList = B3DCE36A22D03AC300DAC751 /* Build configuration list for PBXNativeTarget "HealthApp" */;
			buildPhases = (
				48A10351A64B4A4FFFCE5FEC /* [CP] Check Pods Manifest.lock */,
				B3DCE35422D03AC000DAC751 /* Sources */,
				B3DCE35522D03AC000DAC751 /* Frameworks */,
				B3DCE35622D03AC000DAC751 /* Resources */,
				0D0AED71C7305E710237BF5A /* [CP] Embed Pods Frameworks */,
			);
			buildRules = (
			);
			dependencies = (
			);
			name = HealthApp;
			productName = HealthApp;
			productReference = B3DCE35822D03AC000DAC751 /* HealthApp.app */;
			productType = "com.apple.product-type.application";
		};
/* End PBXNativeTarget section */

/* Begin PBXProject section */
		B3DCE35022D03AC000DAC751 /* Project object */ = {
			isa = PBXProject;
			attributes = {
				LastSwiftUpdateCheck = 1020;
				LastUpgradeCheck = 1020;
				ORGANIZATIONNAME = "Moisés Córdova";
				TargetAttributes = {
					B3DCE35722D03AC000DAC751 = {
						CreatedOnToolsVersion = 10.2;
					};
				};
			};
			buildConfigurationList = B3DCE35322D03AC000DAC751 /* Build configuration list for PBXProject "HealthApp" */;
			compatibilityVersion = "Xcode 9.3";
			developmentRegion = en;
			hasScannedForEncodings = 0;
			knownRegions = (
				en,
				Base,
			);
			mainGroup = B3DCE34F22D03AC000DAC751;
			productRefGroup = B3DCE35922D03AC000DAC751 /* Products */;
			projectDirPath = "";
			projectRoot = "";
			targets = (
				B3DCE35722D03AC000DAC751 /* HealthApp */,
			);
		};
/* End PBXProject section */

/* Begin PBXResourcesBuildPhase section */
		B3DCE35622D03AC000DAC751 /* Resources */ = {
			isa = PBXResourcesBuildPhase;
			buildActionMask = 2147483647;
			files = (
				B3DCE36622D03AC300DAC751 /* LaunchScreen.storyboard in Resources */,
				B3DCE36322D03AC300DAC751 /* Assets.xcassets in Resources */,
				B3DCE36122D03AC000DAC751 /* Main.storyboard in Resources */,
			);
			runOnlyForDeploymentPostprocessing = 0;
		};
/* End PBXResourcesBuildPhase section */

/* Begin PBXShellScriptBuildPhase section */
		0D0AED71C7305E710237BF5A /* [CP] Embed Pods Frameworks */ = {
			isa = PBXShellScriptBuildPhase;
			buildActionMask = 2147483647;
			files = (
			);
			inputPaths = (
				"${SRCROOT}/Pods/Target Support Files/Pods-HealthApp/Pods-HealthApp-frameworks.sh",
				"${BUILT_PRODUCTS_DIR}/Charts/Charts.framework",
				"${BUILT_PRODUCTS_DIR}/FloatingPanel/FloatingPanel.framework",
				"${BUILT_PRODUCTS_DIR}/JTAppleCalendar/JTAppleCalendar.framework",
			);
			name = "[CP] Embed Pods Frameworks";
			outputPaths = (
				"${TARGET_BUILD_DIR}/${FRAMEWORKS_FOLDER_PATH}/Charts.framework",
				"${TARGET_BUILD_DIR}/${FRAMEWORKS_FOLDER_PATH}/FloatingPanel.framework",
				"${TARGET_BUILD_DIR}/${FRAMEWORKS_FOLDER_PATH}/JTAppleCalendar.framework",
			);
			runOnlyForDeploymentPostprocessing = 0;
			shellPath = /bin/sh;
			shellScript = "\"${SRCROOT}/Pods/Target Support Files/Pods-HealthApp/Pods-HealthApp-frameworks.sh\"\n";
			showEnvVarsInLog = 0;
		};
		48A10351A64B4A4FFFCE5FEC /* [CP] Check Pods Manifest.lock */ = {
			isa = PBXShellScriptBuildPhase;
			buildActionMask = 2147483647;
			files = (
			);
			inputPaths = (
				"${PODS_PODFILE_DIR_PATH}/Podfile.lock",
				"${PODS_ROOT}/Manifest.lock",
			);
			name = "[CP] Check Pods Manifest.lock";
			outputPaths = (
				"$(DERIVED_FILE_DIR)/Pods-HealthApp-checkManifestLockResult.txt",
			);
			runOnlyForDeploymentPostprocessing = 0;
			shellPath = /bin/sh;
			shellScript = "diff \"${PODS_PODFILE_DIR_PATH}/Podfile.lock\" \"${PODS_ROOT}/Manifest.lock\" > /dev/null\nif [ $? != 0 ] ; then\n    # print error to STDERR\n    echo \"error: The sandbox is not in sync with the Podfile.lock. Run 'pod install' or update your CocoaPods installation.\" >&2\n    exit 1\nfi\n# This output is used by Xcode 'outputs' to avoid re-running this script phase.\necho \"SUCCESS\" > \"${SCRIPT_OUTPUT_FILE_0}\"\n";
			showEnvVarsInLog = 0;
		};
/* End PBXShellScriptBuildPhase section */

/* Begin PBXSourcesBuildPhase section */
		B3DCE35422D03AC000DAC751 /* Sources */ = {
			isa = PBXSourcesBuildPhase;
			buildActionMask = 2147483647;
			files = (
				B3DCE36E22D0401800DAC751 /* ProfileTableViewCell.swift in Sources */,
				B3FAEBA622D15FD6007B7BBF /* AppointmentTableViewCell.swift in Sources */,
				B3CC863E22D2E40B00875307 /* CreateAppointmentViewController.swift in Sources */,
				B380F38222D14E8F00A347DD /* ButtonCardTableViewCell.swift in Sources */,
				B3E4A2E822D28A41008D64B1 /* RecordViewController.swift in Sources */,
				B380F38422D14EAB00A347DD /* TableItemCardTableViewCell.swift in Sources */,
				B3DCE35E22D03AC000DAC751 /* ProfileViewController.swift in Sources */,
				B3C7484A22D18325005DED97 /* CloseTableViewCell.swift in Sources */,
				B3CC864D22D2F29800875307 /* ResultTableViewCell.swift in Sources */,
				B3CC864F22D2F29800875307 /* ResultsTableViewController.swift in Sources */,
				B3DCE37022D042F400DAC751 /* CollectionViewTableViewCell.swift in Sources */,
				B3CC864B22D2F29800875307 /* PulleyPassthroughScrollView.swift in Sources */,
				B3C7484E22D1846D005DED97 /* NoteTableViewCell.swift in Sources */,
				B3C7485022D184B9005DED97 /* AppointmentViewController.swift in Sources */,
				B3DCE35C22D03AC000DAC751 /* AppDelegate.swift in Sources */,
				B3E4A2EA22D28BA1008D64B1 /* RecordMainTableViewCell.swift in Sources */,
				B3C7484C22D183ED005DED97 /* AppointmentInformationTableViewCell.swift in Sources */,
				B3CC863C22D2E3DB00875307 /* PickerTableViewCell.swift in Sources */,
				B380F38022D14DE000A347DD /* DoctorProfileTableViewCell.swift in Sources */,
				B3DCE37422D046A800DAC751 /* Util.swift in Sources */,
				B3DCE37222D0434000DAC751 /* DataCollectionViewCell.swift in Sources */,
				B30B4BC322D1361200C22712 /* ContactTableViewCell.swift in Sources */,
				B3CC865122D2F57000875307 /* Nevus.mlmodel in Sources */,
				B30B4BC522D13C4600C22712 /* DoctorProfileViewController.swift in Sources */,
				B3DCE37622D054F200DAC751 /* CardTableViewCell.swift in Sources */,
				B3FAEBA222D15F29007B7BBF /* CalendarViewController.swift in Sources */,
				B3D0B43822D10A09009407BB /* DoctorListViewController.swift in Sources */,
				B3FAEBA422D15F93007B7BBF /* CalendarDayCell.swift in Sources */,
				B3CC864C22D2F29800875307 /* CameraViewController.swift in Sources */,
				B3CC864022D2E41800875307 /* SaveAppointmentViewController.swift in Sources */,
				B3CC864E22D2F29800875307 /* ProgressBar.swift in Sources */,
				B3CC864A22D2F29800875307 /* PulleyViewController.swift in Sources */,
				B3AD424B22D509E300DEA0F2 /* AppointmentTableViewCell.swift in Sources */,
			);
			runOnlyForDeploymentPostprocessing = 0;
		};
/* End PBXSourcesBuildPhase section */

/* Begin PBXVariantGroup section */
		B3DCE35F22D03AC000DAC751 /* Main.storyboard */ = {
			isa = PBXVariantGroup;
			children = (
				B3DCE36022D03AC000DAC751 /* Base */,
			);
			name = Main.storyboard;
			sourceTree = "<group>";
		};
		B3DCE36422D03AC300DAC751 /* LaunchScreen.storyboard */ = {
			isa = PBXVariantGroup;
			children = (
				B3DCE36522D03AC300DAC751 /* Base */,
			);
			name = LaunchScreen.storyboard;
			sourceTree = "<group>";
		};
/* End PBXVariantGroup section */

/* Begin XCBuildConfiguration section */
		B3DCE36822D03AC300DAC751 /* Debug */ = {
			isa = XCBuildConfiguration;
			buildSettings = {
				ALWAYS_SEARCH_USER_PATHS = NO;
				CLANG_ANALYZER_NONNULL = YES;
				CLANG_ANALYZER_NUMBER_OBJECT_CONVERSION = YES_AGGRESSIVE;
				CLANG_CXX_LANGUAGE_STANDARD = "gnu++14";
				CLANG_CXX_LIBRARY = "libc++";
				CLANG_ENABLE_MODULES = YES;
				CLANG_ENABLE_OBJC_ARC = YES;
				CLANG_ENABLE_OBJC_WEAK = YES;
				CLANG_WARN_BLOCK_CAPTURE_AUTORELEASING = YES;
				CLANG_WARN_BOOL_CONVERSION = YES;
				CLANG_WARN_COMMA = YES;
				CLANG_WARN_CONSTANT_CONVERSION = YES;
				CLANG_WARN_DEPRECATED_OBJC_IMPLEMENTATIONS = YES;
				CLANG_WARN_DIRECT_OBJC_ISA_USAGE = YES_ERROR;
				CLANG_WARN_DOCUMENTATION_COMMENTS = YES;
				CLANG_WARN_EMPTY_BODY = YES;
				CLANG_WARN_ENUM_CONVERSION = YES;
				CLANG_WARN_INFINITE_RECURSION = YES;
				CLANG_WARN_INT_CONVERSION = YES;
				CLANG_WARN_NON_LITERAL_NULL_CONVERSION = YES;
				CLANG_WARN_OBJC_IMPLICIT_RETAIN_SELF = YES;
				CLANG_WARN_OBJC_LITERAL_CONVERSION = YES;
				CLANG_WARN_OBJC_ROOT_CLASS = YES_ERROR;
				CLANG_WARN_RANGE_LOOP_ANALYSIS = YES;
				CLANG_WARN_STRICT_PROTOTYPES = YES;
				CLANG_WARN_SUSPICIOUS_MOVE = YES;
				CLANG_WARN_UNGUARDED_AVAILABILITY = YES_AGGRESSIVE;
				CLANG_WARN_UNREACHABLE_CODE = YES;
				CLANG_WARN__DUPLICATE_METHOD_MATCH = YES;
				CODE_SIGN_IDENTITY = "iPhone Developer";
				COPY_PHASE_STRIP = NO;
				DEBUG_INFORMATION_FORMAT = dwarf;
				ENABLE_STRICT_OBJC_MSGSEND = YES;
				ENABLE_TESTABILITY = YES;
				GCC_C_LANGUAGE_STANDARD = gnu11;
				GCC_DYNAMIC_NO_PIC = NO;
				GCC_NO_COMMON_BLOCKS = YES;
				GCC_OPTIMIZATION_LEVEL = 0;
				GCC_PREPROCESSOR_DEFINITIONS = (
					"DEBUG=1",
					"$(inherited)",
				);
				GCC_WARN_64_TO_32_BIT_CONVERSION = YES;
				GCC_WARN_ABOUT_RETURN_TYPE = YES_ERROR;
				GCC_WARN_UNDECLARED_SELECTOR = YES;
				GCC_WARN_UNINITIALIZED_AUTOS = YES_AGGRESSIVE;
				GCC_WARN_UNUSED_FUNCTION = YES;
				GCC_WARN_UNUSED_VARIABLE = YES;
				IPHONEOS_DEPLOYMENT_TARGET = 12.2;
				MTL_ENABLE_DEBUG_INFO = INCLUDE_SOURCE;
				MTL_FAST_MATH = YES;
				ONLY_ACTIVE_ARCH = YES;
				SDKROOT = iphoneos;
				SWIFT_ACTIVE_COMPILATION_CONDITIONS = DEBUG;
				SWIFT_OPTIMIZATION_LEVEL = "-Onone";
			};
			name = Debug;
		};
		B3DCE36922D03AC300DAC751 /* Release */ = {
			isa = XCBuildConfiguration;
			buildSettings = {
				ALWAYS_SEARCH_USER_PATHS = NO;
				CLANG_ANALYZER_NONNULL = YES;
				CLANG_ANALYZER_NUMBER_OBJECT_CONVERSION = YES_AGGRESSIVE;
				CLANG_CXX_LANGUAGE_STANDARD = "gnu++14";
				CLANG_CXX_LIBRARY = "libc++";
				CLANG_ENABLE_MODULES = YES;
				CLANG_ENABLE_OBJC_ARC = YES;
				CLANG_ENABLE_OBJC_WEAK = YES;
				CLANG_WARN_BLOCK_CAPTURE_AUTORELEASING = YES;
				CLANG_WARN_BOOL_CONVERSION = YES;
				CLANG_WARN_COMMA = YES;
				CLANG_WARN_CONSTANT_CONVERSION = YES;
				CLANG_WARN_DEPRECATED_OBJC_IMPLEMENTATIONS = YES;
				CLANG_WARN_DIRECT_OBJC_ISA_USAGE = YES_ERROR;
				CLANG_WARN_DOCUMENTATION_COMMENTS = YES;
				CLANG_WARN_EMPTY_BODY = YES;
				CLANG_WARN_ENUM_CONVERSION = YES;
				CLANG_WARN_INFINITE_RECURSION = YES;
				CLANG_WARN_INT_CONVERSION = YES;
				CLANG_WARN_NON_LITERAL_NULL_CONVERSION = YES;
				CLANG_WARN_OBJC_IMPLICIT_RETAIN_SELF = YES;
				CLANG_WARN_OBJC_LITERAL_CONVERSION = YES;
				CLANG_WARN_OBJC_ROOT_CLASS = YES_ERROR;
				CLANG_WARN_RANGE_LOOP_ANALYSIS = YES;
				CLANG_WARN_STRICT_PROTOTYPES = YES;
				CLANG_WARN_SUSPICIOUS_MOVE = YES;
				CLANG_WARN_UNGUARDED_AVAILABILITY = YES_AGGRESSIVE;
				CLANG_WARN_UNREACHABLE_CODE = YES;
				CLANG_WARN__DUPLICATE_METHOD_MATCH = YES;
				CODE_SIGN_IDENTITY = "iPhone Developer";
				COPY_PHASE_STRIP = NO;
				DEBUG_INFORMATION_FORMAT = "dwarf-with-dsym";
				ENABLE_NS_ASSERTIONS = NO;
				ENABLE_STRICT_OBJC_MSGSEND = YES;
				GCC_C_LANGUAGE_STANDARD = gnu11;
				GCC_NO_COMMON_BLOCKS = YES;
				GCC_WARN_64_TO_32_BIT_CONVERSION = YES;
				GCC_WARN_ABOUT_RETURN_TYPE = YES_ERROR;
				GCC_WARN_UNDECLARED_SELECTOR = YES;
				GCC_WARN_UNINITIALIZED_AUTOS = YES_AGGRESSIVE;
				GCC_WARN_UNUSED_FUNCTION = YES;
				GCC_WARN_UNUSED_VARIABLE = YES;
				IPHONEOS_DEPLOYMENT_TARGET = 12.2;
				MTL_ENABLE_DEBUG_INFO = NO;
				MTL_FAST_MATH = YES;
				SDKROOT = iphoneos;
				SWIFT_COMPILATION_MODE = wholemodule;
				SWIFT_OPTIMIZATION_LEVEL = "-O";
				VALIDATE_PRODUCT = YES;
			};
			name = Release;
		};
		B3DCE36B22D03AC300DAC751 /* Debug */ = {
			isa = XCBuildConfiguration;
			baseConfigurationReference = 96DF5754DC927C8945904C99 /* Pods-HealthApp.debug.xcconfig */;
			buildSettings = {
				ASSETCATALOG_COMPILER_APPICON_NAME = AppIcon;
				CODE_SIGN_STYLE = Automatic;
				DEVELOPMENT_TEAM = R27L3GB44P;
				INFOPLIST_FILE = HealthApp/Info.plist;
				IPHONEOS_DEPLOYMENT_TARGET = 12.0;
				LD_RUNPATH_SEARCH_PATHS = (
					"$(inherited)",
					"@executable_path/Frameworks",
				);
				PRODUCT_BUNDLE_IDENTIFIER = com.moisesCordova.HealthApp;
				PRODUCT_NAME = "$(TARGET_NAME)";
				SWIFT_VERSION = 5.0;
				TARGETED_DEVICE_FAMILY = "1,2";
			};
			name = Debug;
		};
		B3DCE36C22D03AC300DAC751 /* Release */ = {
			isa = XCBuildConfiguration;
			baseConfigurationReference = 895BF9DD073B96435434CFD3 /* Pods-HealthApp.release.xcconfig */;
			buildSettings = {
				ASSETCATALOG_COMPILER_APPICON_NAME = AppIcon;
				CODE_SIGN_STYLE = Automatic;
				DEVELOPMENT_TEAM = R27L3GB44P;
				INFOPLIST_FILE = HealthApp/Info.plist;
				IPHONEOS_DEPLOYMENT_TARGET = 12.0;
				LD_RUNPATH_SEARCH_PATHS = (
					"$(inherited)",
					"@executable_path/Frameworks",
				);
				PRODUCT_BUNDLE_IDENTIFIER = com.moisesCordova.HealthApp;
				PRODUCT_NAME = "$(TARGET_NAME)";
				SWIFT_VERSION = 5.0;
				TARGETED_DEVICE_FAMILY = "1,2";
			};
			name = Release;
		};
/* End XCBuildConfiguration section */

/* Begin XCConfigurationList section */
		B3DCE35322D03AC000DAC751 /* Build configuration list for PBXProject "HealthApp" */ = {
			isa = XCConfigurationList;
			buildConfigurations = (
				B3DCE36822D03AC300DAC751 /* Debug */,
				B3DCE36922D03AC300DAC751 /* Release */,
			);
			defaultConfigurationIsVisible = 0;
			defaultConfigurationName = Release;
		};
		B3DCE36A22D03AC300DAC751 /* Build configuration list for PBXNativeTarget "HealthApp" */ = {
			isa = XCConfigurationList;
			buildConfigurations = (
				B3DCE36B22D03AC300DAC751 /* Debug */,
				B3DCE36C22D03AC300DAC751 /* Release */,
			);
			defaultConfigurationIsVisible = 0;
			defaultConfigurationName = Release;
		};
/* End XCConfigurationList section */
	};
	rootObject = B3DCE35022D03AC000DAC751 /* Project object */;
}
