{
  "originHash" : "8f41067740b6399ffc93220974bde95c34fe4fe411e2dc043beb699efc0e7d84",
  "pins" : [
    {
      "identity" : "iqkeyboardmanager",
      "kind" : "remoteSourceControl",
      "location" : "https://github.com/hackiftekhar/IQKeyboardManager.git",
      "state" : {
        "revision" : "aa656e1f0d95f0154622f453599318602848be3b",
        "version" : "7.0.1"
      }
    }
  ],
  "version" : 3
}
